// !$*UTF8*$!
{
	archiveVersion = 1;
	classes = {
	};
	objectVersion = 56;
	objects = {

/* Begin PBXBuildFile section */
		8B00808D2C5AE9DB00469A8A /* AppDelegate.swift in Sources */ = {isa = PBXBuildFile; fileRef = 8B00808C2C5AE9DB00469A8A /* AppDelegate.swift */; };
		8B00808F2C5AF45C00469A8A /* UserConfig.swift in Sources */ = {isa = PBXBuildFile; fileRef = 8B00808E2C5AF45C00469A8A /* UserConfig.swift */; };
		8B0080922C5AFEDF00469A8A /* GenHelpers.swift in Sources */ = {isa = PBXBuildFile; fileRef = 8B0080912C5AFEDF00469A8A /* GenHelpers.swift */; };
		8B69F8A62C58165D004F61B8 /* PomodoroOneApp.swift in Sources */ = {isa = PBXBuildFile; fileRef = 8B69F8A52C58165D004F61B8 /* PomodoroOneApp.swift */; };
		8B69F8A82C58165D004F61B8 /* ContentView.swift in Sources */ = {isa = PBXBuildFile; fileRef = 8B69F8A72C58165D004F61B8 /* ContentView.swift */; };
		8B69F8AA2C581660004F61B8 /* Assets.xcassets in Resources */ = {isa = PBXBuildFile; fileRef = 8B69F8A92C581660004F61B8 /* Assets.xcassets */; };
		8B69F8AD2C581660004F61B8 /* Preview Assets.xcassets in Resources */ = {isa = PBXBuildFile; fileRef = 8B69F8AC2C581660004F61B8 /* Preview Assets.xcassets */; };
		8B69F8D22C586020004F61B8 /* MenuBarView.swift in Sources */ = {isa = PBXBuildFile; fileRef = 8B69F8D12C586020004F61B8 /* MenuBarView.swift */; };
		8B69F8D42C596394004F61B8 /* CircleTimerView.swift in Sources */ = {isa = PBXBuildFile; fileRef = 8B69F8D32C596394004F61B8 /* CircleTimerView.swift */; };
		8B69F8D92C596515004F61B8 /* CircleTimerArc.swift in Sources */ = {isa = PBXBuildFile; fileRef = 8B69F8D82C596515004F61B8 /* CircleTimerArc.swift */; };
		8B69F8DB2C596797004F61B8 /* CircleTimerKnob.swift in Sources */ = {isa = PBXBuildFile; fileRef = 8B69F8DA2C596797004F61B8 /* CircleTimerKnob.swift */; };
		8B69F8DE2C5999F3004F61B8 /* ModelData.swift in Sources */ = {isa = PBXBuildFile; fileRef = 8B69F8DD2C5999F3004F61B8 /* ModelData.swift */; };
		8BB5592D2C5C02620070A0EF /* EventMonitor.swift in Sources */ = {isa = PBXBuildFile; fileRef = 8BB5592C2C5C02620070A0EF /* EventMonitor.swift */; };
		8BB5592F2C5C0EF10070A0EF /* SettingsView.swift in Sources */ = {isa = PBXBuildFile; fileRef = 8BB5592E2C5C0EF10070A0EF /* SettingsView.swift */; };
		8BB559322C5C0FA10070A0EF /* GeneralSettingsView.swift in Sources */ = {isa = PBXBuildFile; fileRef = 8BB559312C5C0FA10070A0EF /* GeneralSettingsView.swift */; };
		8BB559342C5C0FAD0070A0EF /* IntervalsSettingsView.swift in Sources */ = {isa = PBXBuildFile; fileRef = 8BB559332C5C0FAD0070A0EF /* IntervalsSettingsView.swift */; };
		8BB559372C5C17150070A0EF /* ObservableUserDefault in Frameworks */ = {isa = PBXBuildFile; productRef = 8BB559362C5C17150070A0EF /* ObservableUserDefault */; };
		8BB5593C2C5D58D90070A0EF /* TimeTextField.swift in Sources */ = {isa = PBXBuildFile; fileRef = 8BB5593B2C5D58D90070A0EF /* TimeTextField.swift */; };
		8BB5593F2C5D87AF0070A0EF /* KeyboardShortcuts in Frameworks */ = {isa = PBXBuildFile; productRef = 8BB5593E2C5D87AF0070A0EF /* KeyboardShortcuts */; };
		8BB559442C5D96D90070A0EF /* sound-chime.wav in Resources */ = {isa = PBXBuildFile; fileRef = 8BB559402C5D96D80070A0EF /* sound-chime.wav */; };
		8BB559452C5D96D90070A0EF /* sound-alarm-clock.wav in Resources */ = {isa = PBXBuildFile; fileRef = 8BB559412C5D96D90070A0EF /* sound-alarm-clock.wav */; };
		8BB559462C5D96D90070A0EF /* sound-drums.wav in Resources */ = {isa = PBXBuildFile; fileRef = 8BB559422C5D96D90070A0EF /* sound-drums.wav */; };
		8BB559472C5D96D90070A0EF /* sound-trap.wav in Resources */ = {isa = PBXBuildFile; fileRef = 8BB559432C5D96D90070A0EF /* sound-trap.wav */; };
		8BB559492C5D9C5C0070A0EF /* SoundSettingsView.swift in Sources */ = {isa = PBXBuildFile; fileRef = 8BB559482C5D9C5C0070A0EF /* SoundSettingsView.swift */; };
		8BB5594B2C5D9E750070A0EF /* AppSounds.swift in Sources */ = {isa = PBXBuildFile; fileRef = 8BB5594A2C5D9E750070A0EF /* AppSounds.swift */; };
/* End PBXBuildFile section */

/* Begin PBXFileReference section */
		8B00808C2C5AE9DB00469A8A /* AppDelegate.swift */ = {isa = PBXFileReference; lastKnownFileType = sourcecode.swift; path = AppDelegate.swift; sourceTree = "<group>"; };
		8B00808E2C5AF45C00469A8A /* UserConfig.swift */ = {isa = PBXFileReference; lastKnownFileType = sourcecode.swift; path = UserConfig.swift; sourceTree = "<group>"; };
		8B0080912C5AFEDF00469A8A /* GenHelpers.swift */ = {isa = PBXFileReference; lastKnownFileType = sourcecode.swift; path = GenHelpers.swift; sourceTree = "<group>"; };
		8B69F8A22C58165D004F61B8 /* PomodoroOne.app */ = {isa = PBXFileReference; explicitFileType = wrapper.application; includeInIndex = 0; path = PomodoroOne.app; sourceTree = BUILT_PRODUCTS_DIR; };
		8B69F8A52C58165D004F61B8 /* PomodoroOneApp.swift */ = {isa = PBXFileReference; lastKnownFileType = sourcecode.swift; path = PomodoroOneApp.swift; sourceTree = "<group>"; };
		8B69F8A72C58165D004F61B8 /* ContentView.swift */ = {isa = PBXFileReference; lastKnownFileType = sourcecode.swift; path = ContentView.swift; sourceTree = "<group>"; };
		8B69F8A92C581660004F61B8 /* Assets.xcassets */ = {isa = PBXFileReference; lastKnownFileType = folder.assetcatalog; path = Assets.xcassets; sourceTree = "<group>"; };
		8B69F8AC2C581660004F61B8 /* Preview Assets.xcassets */ = {isa = PBXFileReference; lastKnownFileType = folder.assetcatalog; path = "Preview Assets.xcassets"; sourceTree = "<group>"; };
		8B69F8AE2C581660004F61B8 /* PomodoroOne.entitlements */ = {isa = PBXFileReference; lastKnownFileType = text.plist.entitlements; path = PomodoroOne.entitlements; sourceTree = "<group>"; };
		8B69F8D12C586020004F61B8 /* MenuBarView.swift */ = {isa = PBXFileReference; lastKnownFileType = sourcecode.swift; path = MenuBarView.swift; sourceTree = "<group>"; };
		8B69F8D32C596394004F61B8 /* CircleTimerView.swift */ = {isa = PBXFileReference; lastKnownFileType = sourcecode.swift; path = CircleTimerView.swift; sourceTree = "<group>"; };
		8B69F8D82C596515004F61B8 /* CircleTimerArc.swift */ = {isa = PBXFileReference; lastKnownFileType = sourcecode.swift; path = CircleTimerArc.swift; sourceTree = "<group>"; };
		8B69F8DA2C596797004F61B8 /* CircleTimerKnob.swift */ = {isa = PBXFileReference; lastKnownFileType = sourcecode.swift; path = CircleTimerKnob.swift; sourceTree = "<group>"; };
		8B69F8DD2C5999F3004F61B8 /* ModelData.swift */ = {isa = PBXFileReference; lastKnownFileType = sourcecode.swift; path = ModelData.swift; sourceTree = "<group>"; };
		8BB5592C2C5C02620070A0EF /* EventMonitor.swift */ = {isa = PBXFileReference; lastKnownFileType = sourcecode.swift; path = EventMonitor.swift; sourceTree = "<group>"; };
		8BB5592E2C5C0EF10070A0EF /* SettingsView.swift */ = {isa = PBXFileReference; lastKnownFileType = sourcecode.swift; path = SettingsView.swift; sourceTree = "<group>"; };
		8BB559312C5C0FA10070A0EF /* GeneralSettingsView.swift */ = {isa = PBXFileReference; lastKnownFileType = sourcecode.swift; path = GeneralSettingsView.swift; sourceTree = "<group>"; };
		8BB559332C5C0FAD0070A0EF /* IntervalsSettingsView.swift */ = {isa = PBXFileReference; lastKnownFileType = sourcecode.swift; path = IntervalsSettingsView.swift; sourceTree = "<group>"; };
		8BB5593B2C5D58D90070A0EF /* TimeTextField.swift */ = {isa = PBXFileReference; lastKnownFileType = sourcecode.swift; path = TimeTextField.swift; sourceTree = "<group>"; };
		8BB559402C5D96D80070A0EF /* sound-chime.wav */ = {isa = PBXFileReference; lastKnownFileType = audio.wav; name = "sound-chime.wav"; path = "PomodoroOne/AssetFolder/sound-chime.wav"; sourceTree = SOURCE_ROOT; };
		8BB559412C5D96D90070A0EF /* sound-alarm-clock.wav */ = {isa = PBXFileReference; lastKnownFileType = audio.wav; name = "sound-alarm-clock.wav"; path = "PomodoroOne/AssetFolder/sound-alarm-clock.wav"; sourceTree = SOURCE_ROOT; };
		8BB559422C5D96D90070A0EF /* sound-drums.wav */ = {isa = PBXFileReference; lastKnownFileType = audio.wav; name = "sound-drums.wav"; path = "PomodoroOne/AssetFolder/sound-drums.wav"; sourceTree = SOURCE_ROOT; };
		8BB559432C5D96D90070A0EF /* sound-trap.wav */ = {isa = PBXFileReference; lastKnownFileType = audio.wav; name = "sound-trap.wav"; path = "PomodoroOne/AssetFolder/sound-trap.wav"; sourceTree = SOURCE_ROOT; };
		8BB559482C5D9C5C0070A0EF /* SoundSettingsView.swift */ = {isa = PBXFileReference; lastKnownFileType = sourcecode.swift; path = SoundSettingsView.swift; sourceTree = "<group>"; };
		8BB5594A2C5D9E750070A0EF /* AppSounds.swift */ = {isa = PBXFileReference; lastKnownFileType = sourcecode.swift; path = AppSounds.swift; sourceTree = "<group>"; };
/* End PBXFileReference section */

/* Begin PBXFrameworksBuildPhase section */
		8B69F89F2C58165D004F61B8 /* Frameworks */ = {
			isa = PBXFrameworksBuildPhase;
			buildActionMask = 2147483647;
			files = (
				8BB559372C5C17150070A0EF /* ObservableUserDefault in Frameworks */,
				8BB5593F2C5D87AF0070A0EF /* KeyboardShortcuts in Frameworks */,
			);
			runOnlyForDeploymentPostprocessing = 0;
		};
/* End PBXFrameworksBuildPhase section */

/* Begin PBXGroup section */
		8B0080902C5AFED500469A8A /* Utilities */ = {
			isa = PBXGroup;
			children = (
				8B0080912C5AFEDF00469A8A /* GenHelpers.swift */,
			);
			path = Utilities;
			sourceTree = "<group>";
		};
		8B69F8992C58165D004F61B8 = {
			isa = PBXGroup;
			children = (
				8B69F8A42C58165D004F61B8 /* PomodoroOne */,
				8B69F8A32C58165D004F61B8 /* Products */,
			);
			sourceTree = "<group>";
		};
		8B69F8A32C58165D004F61B8 /* Products */ = {
			isa = PBXGroup;
			children = (
				8B69F8A22C58165D004F61B8 /* PomodoroOne.app */,
			);
			name = Products;
			sourceTree = "<group>";
		};
		8B69F8A42C58165D004F61B8 /* PomodoroOne */ = {
			isa = PBXGroup;
			children = (
				8B69F8A52C58165D004F61B8 /* PomodoroOneApp.swift */,
				8B00808C2C5AE9DB00469A8A /* AppDelegate.swift */,
				8BB5592C2C5C02620070A0EF /* EventMonitor.swift */,
				8B0080902C5AFED500469A8A /* Utilities */,
				8B69F8DC2C5999D9004F61B8 /* Models */,
				8B69F8D52C5964DD004F61B8 /* Views */,
				8B69F8E12C59A77C004F61B8 /* Resources */,
				8B69F8A92C581660004F61B8 /* Assets.xcassets */,
				8B69F8AE2C581660004F61B8 /* PomodoroOne.entitlements */,
				8B69F8AB2C581660004F61B8 /* Preview Content */,
			);
			path = PomodoroOne;
			sourceTree = "<group>";
		};
		8B69F8AB2C581660004F61B8 /* Preview Content */ = {
			isa = PBXGroup;
			children = (
				8B69F8AC2C581660004F61B8 /* Preview Assets.xcassets */,
			);
			path = "Preview Content";
			sourceTree = "<group>";
		};
		8B69F8D52C5964DD004F61B8 /* Views */ = {
			isa = PBXGroup;
			children = (
				8B69F8D12C586020004F61B8 /* MenuBarView.swift */,
				8BB559382C5C34C50070A0EF /* Content */,
				8BB559302C5C0F760070A0EF /* Settings */,
			);
			path = Views;
			sourceTree = "<group>";
		};
		8B69F8DC2C5999D9004F61B8 /* Models */ = {
			isa = PBXGroup;
			children = (
				8B69F8DD2C5999F3004F61B8 /* ModelData.swift */,
				8B00808E2C5AF45C00469A8A /* UserConfig.swift */,
				8BB5594A2C5D9E750070A0EF /* AppSounds.swift */,
			);
			path = Models;
			sourceTree = "<group>";
		};
		8B69F8E12C59A77C004F61B8 /* Resources */ = {
			isa = PBXGroup;
			children = (
				8BB559412C5D96D90070A0EF /* sound-alarm-clock.wav */,
				8BB559402C5D96D80070A0EF /* sound-chime.wav */,
				8BB559422C5D96D90070A0EF /* sound-drums.wav */,
				8BB559432C5D96D90070A0EF /* sound-trap.wav */,
			);
			path = Resources;
			sourceTree = "<group>";
		};
		8BB559302C5C0F760070A0EF /* Settings */ = {
			isa = PBXGroup;
			children = (
				8BB5592E2C5C0EF10070A0EF /* SettingsView.swift */,
				8BB559312C5C0FA10070A0EF /* GeneralSettingsView.swift */,
				8BB559482C5D9C5C0070A0EF /* SoundSettingsView.swift */,
				8BB559332C5C0FAD0070A0EF /* IntervalsSettingsView.swift */,
				8BB5593B2C5D58D90070A0EF /* TimeTextField.swift */,
			);
			path = Settings;
			sourceTree = "<group>";
		};
		8BB559382C5C34C50070A0EF /* Content */ = {
			isa = PBXGroup;
			children = (
				8B69F8A72C58165D004F61B8 /* ContentView.swift */,
				8B69F8D32C596394004F61B8 /* CircleTimerView.swift */,
				8B69F8D82C596515004F61B8 /* CircleTimerArc.swift */,
				8B69F8DA2C596797004F61B8 /* CircleTimerKnob.swift */,
			);
			path = Content;
			sourceTree = "<group>";
		};
/* End PBXGroup section */

/* Begin PBXNativeTarget section */
		8B69F8A12C58165D004F61B8 /* PomodoroOne */ = {
			isa = PBXNativeTarget;
			buildConfigurationList = 8B69F8B12C581660004F61B8 /* Build configuration list for PBXNativeTarget "PomodoroOne" */;
			buildPhases = (
				8B69F89E2C58165D004F61B8 /* Sources */,
				8B69F89F2C58165D004F61B8 /* Frameworks */,
				8B69F8A02C58165D004F61B8 /* Resources */,
			);
			buildRules = (
			);
			dependencies = (
			);
			name = PomodoroOne;
			packageProductDependencies = (
				8BB559362C5C17150070A0EF /* ObservableUserDefault */,
				8BB5593E2C5D87AF0070A0EF /* KeyboardShortcuts */,
			);
			productName = PomodoroOne;
			productReference = 8B69F8A22C58165D004F61B8 /* PomodoroOne.app */;
			productType = "com.apple.product-type.application";
		};
/* End PBXNativeTarget section */

/* Begin PBXProject section */
		8B69F89A2C58165D004F61B8 /* Project object */ = {
			isa = PBXProject;
			attributes = {
				BuildIndependentTargetsInParallel = 1;
				LastSwiftUpdateCheck = 1540;
				LastUpgradeCheck = 1540;
				TargetAttributes = {
					8B69F8A12C58165D004F61B8 = {
						CreatedOnToolsVersion = 15.4;
					};
				};
			};
			buildConfigurationList = 8B69F89D2C58165D004F61B8 /* Build configuration list for PBXProject "PomodoroOne" */;
			compatibilityVersion = "Xcode 14.0";
			developmentRegion = en;
			hasScannedForEncodings = 0;
			knownRegions = (
				en,
				Base,
			);
			mainGroup = 8B69F8992C58165D004F61B8;
			packageReferences = (
				8BB559352C5C17150070A0EF /* XCRemoteSwiftPackageReference "ObservableUserDefault" */,
				8BB5593D2C5D87AF0070A0EF /* XCRemoteSwiftPackageReference "KeyboardShortcuts" */,
			);
			productRefGroup = 8B69F8A32C58165D004F61B8 /* Products */;
			projectDirPath = "";
			projectRoot = "";
			targets = (
				8B69F8A12C58165D004F61B8 /* PomodoroOne */,
			);
		};
/* End PBXProject section */

/* Begin PBXResourcesBuildPhase section */
		8B69F8A02C58165D004F61B8 /* Resources */ = {
			isa = PBXResourcesBuildPhase;
			buildActionMask = 2147483647;
			files = (
				8B69F8AD2C581660004F61B8 /* Preview Assets.xcassets in Resources */,
				8BB559462C5D96D90070A0EF /* sound-drums.wav in Resources */,
				8BB559452C5D96D90070A0EF /* sound-alarm-clock.wav in Resources */,
				8BB559472C5D96D90070A0EF /* sound-trap.wav in Resources */,
				8BB559442C5D96D90070A0EF /* sound-chime.wav in Resources */,
				8B69F8AA2C581660004F61B8 /* Assets.xcassets in Resources */,
			);
			runOnlyForDeploymentPostprocessing = 0;
		};
/* End PBXResourcesBuildPhase section */

/* Begin PBXSourcesBuildPhase section */
		8B69F89E2C58165D004F61B8 /* Sources */ = {
			isa = PBXSourcesBuildPhase;
			buildActionMask = 2147483647;
			files = (
				8BB559322C5C0FA10070A0EF /* GeneralSettingsView.swift in Sources */,
				8B69F8A82C58165D004F61B8 /* ContentView.swift in Sources */,
				8BB5593C2C5D58D90070A0EF /* TimeTextField.swift in Sources */,
				8B00808F2C5AF45C00469A8A /* UserConfig.swift in Sources */,
				8B69F8D22C586020004F61B8 /* MenuBarView.swift in Sources */,
				8BB5592D2C5C02620070A0EF /* EventMonitor.swift in Sources */,
				8B69F8D42C596394004F61B8 /* CircleTimerView.swift in Sources */,
				8BB5594B2C5D9E750070A0EF /* AppSounds.swift in Sources */,
				8BB559492C5D9C5C0070A0EF /* SoundSettingsView.swift in Sources */,
				8B00808D2C5AE9DB00469A8A /* AppDelegate.swift in Sources */,
				8B0080922C5AFEDF00469A8A /* GenHelpers.swift in Sources */,
				8B69F8D92C596515004F61B8 /* CircleTimerArc.swift in Sources */,
				8B69F8DE2C5999F3004F61B8 /* ModelData.swift in Sources */,
				8BB5592F2C5C0EF10070A0EF /* SettingsView.swift in Sources */,
				8B69F8A62C58165D004F61B8 /* PomodoroOneApp.swift in Sources */,
				8BB559342C5C0FAD0070A0EF /* IntervalsSettingsView.swift in Sources */,
				8B69F8DB2C596797004F61B8 /* CircleTimerKnob.swift in Sources */,
			);
			runOnlyForDeploymentPostprocessing = 0;
		};
/* End PBXSourcesBuildPhase section */

/* Begin XCBuildConfiguration section */
		8B69F8AF2C581660004F61B8 /* Debug */ = {
			isa = XCBuildConfiguration;
			buildSettings = {
				ALWAYS_SEARCH_USER_PATHS = NO;
				ASSETCATALOG_COMPILER_GENERATE_SWIFT_ASSET_SYMBOL_EXTENSIONS = YES;
				CLANG_ANALYZER_NONNULL = YES;
				CLANG_ANALYZER_NUMBER_OBJECT_CONVERSION = YES_AGGRESSIVE;
				CLANG_CXX_LANGUAGE_STANDARD = "gnu++20";
				CLANG_ENABLE_MODULES = YES;
				CLANG_ENABLE_OBJC_ARC = YES;
				CLANG_ENABLE_OBJC_WEAK = YES;
				CLANG_WARN_BLOCK_CAPTURE_AUTORELEASING = YES;
				CLANG_WARN_BOOL_CONVERSION = YES;
				CLANG_WARN_COMMA = YES;
				CLANG_WARN_CONSTANT_CONVERSION = YES;
				CLANG_WARN_DEPRECATED_OBJC_IMPLEMENTATIONS = YES;
				CLANG_WARN_DIRECT_OBJC_ISA_USAGE = YES_ERROR;
				CLANG_WARN_DOCUMENTATION_COMMENTS = YES;
				CLANG_WARN_EMPTY_BODY = YES;
				CLANG_WARN_ENUM_CONVERSION = YES;
				CLANG_WARN_INFINITE_RECURSION = YES;
				CLANG_WARN_INT_CONVERSION = YES;
				CLANG_WARN_NON_LITERAL_NULL_CONVERSION = YES;
				CLANG_WARN_OBJC_IMPLICIT_RETAIN_SELF = YES;
				CLANG_WARN_OBJC_LITERAL_CONVERSION = YES;
				CLANG_WARN_OBJC_ROOT_CLASS = YES_ERROR;
				CLANG_WARN_QUOTED_INCLUDE_IN_FRAMEWORK_HEADER = YES;
				CLANG_WARN_RANGE_LOOP_ANALYSIS = YES;
				CLANG_WARN_STRICT_PROTOTYPES = YES;
				CLANG_WARN_SUSPICIOUS_MOVE = YES;
				CLANG_WARN_UNGUARDED_AVAILABILITY = YES_AGGRESSIVE;
				CLANG_WARN_UNREACHABLE_CODE = YES;
				CLANG_WARN__DUPLICATE_METHOD_MATCH = YES;
				COPY_PHASE_STRIP = NO;
				DEBUG_INFORMATION_FORMAT = dwarf;
				ENABLE_STRICT_OBJC_MSGSEND = YES;
				ENABLE_TESTABILITY = YES;
				ENABLE_USER_SCRIPT_SANDBOXING = YES;
				GCC_C_LANGUAGE_STANDARD = gnu17;
				GCC_DYNAMIC_NO_PIC = NO;
				GCC_NO_COMMON_BLOCKS = YES;
				GCC_OPTIMIZATION_LEVEL = 0;
				GCC_PREPROCESSOR_DEFINITIONS = (
					"DEBUG=1",
					"$(inherited)",
				);
				GCC_WARN_64_TO_32_BIT_CONVERSION = YES;
				GCC_WARN_ABOUT_RETURN_TYPE = YES_ERROR;
				GCC_WARN_UNDECLARED_SELECTOR = YES;
				GCC_WARN_UNINITIALIZED_AUTOS = YES_AGGRESSIVE;
				GCC_WARN_UNUSED_FUNCTION = YES;
				GCC_WARN_UNUSED_VARIABLE = YES;
				LOCALIZATION_PREFERS_STRING_CATALOGS = YES;
				MACOSX_DEPLOYMENT_TARGET = 14.2;
				MTL_ENABLE_DEBUG_INFO = INCLUDE_SOURCE;
				MTL_FAST_MATH = YES;
				ONLY_ACTIVE_ARCH = YES;
				SDKROOT = macosx;
				SWIFT_ACTIVE_COMPILATION_CONDITIONS = "DEBUG $(inherited)";
				SWIFT_OPTIMIZATION_LEVEL = "-Onone";
			};
			name = Debug;
		};
		8B69F8B02C581660004F61B8 /* Release */ = {
			isa = XCBuildConfiguration;
			buildSettings = {
				ALWAYS_SEARCH_USER_PATHS = NO;
				ASSETCATALOG_COMPILER_GENERATE_SWIFT_ASSET_SYMBOL_EXTENSIONS = YES;
				CLANG_ANALYZER_NONNULL = YES;
				CLANG_ANALYZER_NUMBER_OBJECT_CONVERSION = YES_AGGRESSIVE;
				CLANG_CXX_LANGUAGE_STANDARD = "gnu++20";
				CLANG_ENABLE_MODULES = YES;
				CLANG_ENABLE_OBJC_ARC = YES;
				CLANG_ENABLE_OBJC_WEAK = YES;
				CLANG_WARN_BLOCK_CAPTURE_AUTORELEASING = YES;
				CLANG_WARN_BOOL_CONVERSION = YES;
				CLANG_WARN_COMMA = YES;
				CLANG_WARN_CONSTANT_CONVERSION = YES;
				CLANG_WARN_DEPRECATED_OBJC_IMPLEMENTATIONS = YES;
				CLANG_WARN_DIRECT_OBJC_ISA_USAGE = YES_ERROR;
				CLANG_WARN_DOCUMENTATION_COMMENTS = YES;
				CLANG_WARN_EMPTY_BODY = YES;
				CLANG_WARN_ENUM_CONVERSION = YES;
				CLANG_WARN_INFINITE_RECURSION = YES;
				CLANG_WARN_INT_CONVERSION = YES;
				CLANG_WARN_NON_LITERAL_NULL_CONVERSION = YES;
				CLANG_WARN_OBJC_IMPLICIT_RETAIN_SELF = YES;
				CLANG_WARN_OBJC_LITERAL_CONVERSION = YES;
				CLANG_WARN_OBJC_ROOT_CLASS = YES_ERROR;
				CLANG_WARN_QUOTED_INCLUDE_IN_FRAMEWORK_HEADER = YES;
				CLANG_WARN_RANGE_LOOP_ANALYSIS = YES;
				CLANG_WARN_STRICT_PROTOTYPES = YES;
				CLANG_WARN_SUSPICIOUS_MOVE = YES;
				CLANG_WARN_UNGUARDED_AVAILABILITY = YES_AGGRESSIVE;
				CLANG_WARN_UNREACHABLE_CODE = YES;
				CLANG_WARN__DUPLICATE_METHOD_MATCH = YES;
				COPY_PHASE_STRIP = NO;
				DEBUG_INFORMATION_FORMAT = "dwarf-with-dsym";
				ENABLE_NS_ASSERTIONS = NO;
				ENABLE_STRICT_OBJC_MSGSEND = YES;
				ENABLE_USER_SCRIPT_SANDBOXING = YES;
				GCC_C_LANGUAGE_STANDARD = gnu17;
				GCC_NO_COMMON_BLOCKS = YES;
				GCC_WARN_64_TO_32_BIT_CONVERSION = YES;
				GCC_WARN_ABOUT_RETURN_TYPE = YES_ERROR;
				GCC_WARN_UNDECLARED_SELECTOR = YES;
				GCC_WARN_UNINITIALIZED_AUTOS = YES_AGGRESSIVE;
				GCC_WARN_UNUSED_FUNCTION = YES;
				GCC_WARN_UNUSED_VARIABLE = YES;
				LOCALIZATION_PREFERS_STRING_CATALOGS = YES;
				MACOSX_DEPLOYMENT_TARGET = 14.2;
				MTL_ENABLE_DEBUG_INFO = NO;
				MTL_FAST_MATH = YES;
				SDKROOT = macosx;
				SWIFT_COMPILATION_MODE = wholemodule;
			};
			name = Release;
		};
		8B69F8B22C581660004F61B8 /* Debug */ = {
			isa = XCBuildConfiguration;
			buildSettings = {
				ASSETCATALOG_COMPILER_APPICON_NAME = AppIcon;
				ASSETCATALOG_COMPILER_GLOBAL_ACCENT_COLOR_NAME = AccentColor;
				CODE_SIGN_ENTITLEMENTS = PomodoroOne/PomodoroOne.entitlements;
				CODE_SIGN_STYLE = Automatic;
				COMBINE_HIDPI_IMAGES = YES;
				CURRENT_PROJECT_VERSION = 1;
				DEVELOPMENT_ASSET_PATHS = "\"PomodoroOne/Preview Content\"";
				DEVELOPMENT_TEAM = 456G72PT96;
				ENABLE_HARDENED_RUNTIME = YES;
				ENABLE_PREVIEWS = YES;
				GENERATE_INFOPLIST_FILE = YES;
				INFOPLIST_KEY_LSUIElement = YES;
				INFOPLIST_KEY_NSHumanReadableCopyright = "";
				LD_RUNPATH_SEARCH_PATHS = (
					"$(inherited)",
					"@executable_path/../Frameworks",
				);
				MARKETING_VERSION = 1.0;
				PRODUCT_BUNDLE_IDENTIFIER = com.fbdco.PomodoroOne;
				PRODUCT_NAME = "$(TARGET_NAME)";
				SWIFT_EMIT_LOC_STRINGS = YES;
				SWIFT_VERSION = 5.0;
			};
			name = Debug;
		};
		8B69F8B32C581660004F61B8 /* Release */ = {
			isa = XCBuildConfiguration;
			buildSettings = {
				ASSETCATALOG_COMPILER_APPICON_NAME = AppIcon;
				ASSETCATALOG_COMPILER_GLOBAL_ACCENT_COLOR_NAME = AccentColor;
				CODE_SIGN_ENTITLEMENTS = PomodoroOne/PomodoroOne.entitlements;
				CODE_SIGN_STYLE = Automatic;
				COMBINE_HIDPI_IMAGES = YES;
				CURRENT_PROJECT_VERSION = 1;
				DEVELOPMENT_ASSET_PATHS = "\"PomodoroOne/Preview Content\"";
				DEVELOPMENT_TEAM = 456G72PT96;
				ENABLE_HARDENED_RUNTIME = YES;
				ENABLE_PREVIEWS = YES;
				GENERATE_INFOPLIST_FILE = YES;
				INFOPLIST_KEY_LSUIElement = YES;
				INFOPLIST_KEY_NSHumanReadableCopyright = "";
				LD_RUNPATH_SEARCH_PATHS = (
					"$(inherited)",
					"@executable_path/../Frameworks",
				);
				MARKETING_VERSION = 1.0;
				PRODUCT_BUNDLE_IDENTIFIER = com.fbdco.PomodoroOne;
				PRODUCT_NAME = "$(TARGET_NAME)";
				SWIFT_EMIT_LOC_STRINGS = YES;
				SWIFT_VERSION = 5.0;
			};
			name = Release;
		};
/* End XCBuildConfiguration section */

/* Begin XCConfigurationList section */
		8B69F89D2C58165D004F61B8 /* Build configuration list for PBXProject "PomodoroOne" */ = {
			isa = XCConfigurationList;
			buildConfigurations = (
				8B69F8AF2C581660004F61B8 /* Debug */,
				8B69F8B02C581660004F61B8 /* Release */,
			);
			defaultConfigurationIsVisible = 0;
			defaultConfigurationName = Release;
		};
		8B69F8B12C581660004F61B8 /* Build configuration list for PBXNativeTarget "PomodoroOne" */ = {
			isa = XCConfigurationList;
			buildConfigurations = (
				8B69F8B22C581660004F61B8 /* Debug */,
				8B69F8B32C581660004F61B8 /* Release */,
			);
			defaultConfigurationIsVisible = 0;
			defaultConfigurationName = Release;
		};
/* End XCConfigurationList section */

/* Begin XCRemoteSwiftPackageReference section */
		8BB559352C5C17150070A0EF /* XCRemoteSwiftPackageReference "ObservableUserDefault" */ = {
			isa = XCRemoteSwiftPackageReference;
			repositoryURL = "https://github.com/davidsteppenbeck/ObservableUserDefault?source=post_page-----9c924296a434--------------------------------";
			requirement = {
				kind = upToNextMajorVersion;
				minimumVersion = 1.3.1;
			};
		};
		8BB5593D2C5D87AF0070A0EF /* XCRemoteSwiftPackageReference "KeyboardShortcuts" */ = {
			isa = XCRemoteSwiftPackageReference;
			repositoryURL = "https://github.com/sindresorhus/KeyboardShortcuts";
			requirement = {
				kind = upToNextMajorVersion;
				minimumVersion = 2.0.1;
			};
		};
/* End XCRemoteSwiftPackageReference section */

/* Begin XCSwiftPackageProductDependency section */
		8BB559362C5C17150070A0EF /* ObservableUserDefault */ = {
			isa = XCSwiftPackageProductDependency;
			package = 8BB559352C5C17150070A0EF /* XCRemoteSwiftPackageReference "ObservableUserDefault" */;
			productName = ObservableUserDefault;
		};
		8BB5593E2C5D87AF0070A0EF /* KeyboardShortcuts */ = {
			isa = XCSwiftPackageProductDependency;
			package = 8BB5593D2C5D87AF0070A0EF /* XCRemoteSwiftPackageReference "KeyboardShortcuts" */;
			productName = KeyboardShortcuts;
		};
/* End XCSwiftPackageProductDependency section */
	};
	rootObject = 8B69F89A2C58165D004F61B8 /* Project object */;
}
